
Microsoft Visual Studio Solution File, Format Version 12.00
# Visual Studio Version 17
VisualStudioVersion = 17.9.34723.18
MinimumVisualStudioVersion = 10.0.40219.1
Project("{FAE04EC0-301F-11D3-BF4B-00C04F79EFBC}") = "csharp-net-forms-pong", "csharp-net-forms-pong\csharp-net-forms-pong.csproj", "{1C84C182-A180-40B9-A910-607A5829E3AF}"
EndProject
Global
	GlobalSection(SolutionConfigurationPlatforms) = preSolution
		Debug|Any CPU = Debug|Any CPU
		Release|Any CPU = Release|Any CPU
	EndGlobalSection
	GlobalSection(ProjectConfigurationPlatforms) = postSolution
		{1C84C182-A180-40B9-A910-607A5829E3AF}.Debug|Any CPU.ActiveCfg = Debug|Any CPU
		{1C84C182-A180-40B9-A910-607A5829E3AF}.Debug|Any CPU.Build.0 = Debug|Any CPU
		{1C84C182-A180-40B9-A910-607A5829E3AF}.Release|Any CPU.ActiveCfg = Release|Any CPU
		{1C84C182-A180-40B9-A910-607A5829E3AF}.Release|Any CPU.Build.0 = Release|Any CPU
	EndGlobalSection
	GlobalSection(SolutionProperties) = preSolution
		HideSolutionNode = FALSE
	EndGlobalSection
	GlobalSection(ExtensibilityGlobals) = postSolution
		SolutionGuid = {61F84806-49B9-4549-A65B-E2D49EAC30A6}
	EndGlobalSection
EndGlobal
